// !$*UTF8*$!
{
	archiveVersion = 1;
	classes = {
	};
	objectVersion = 46;
	objects = {

/* Begin PBXBuildFile section */
		4FD60BA11B9D9B130031B911 /* AppDelegate.swift in Sources */ = {isa = PBXBuildFile; fileRef = 4FD60BA01B9D9B130031B911 /* AppDelegate.swift */; };
		4FD60BA31B9D9B130031B911 /* ViewController.swift in Sources */ = {isa = PBXBuildFile; fileRef = 4FD60BA21B9D9B130031B911 /* ViewController.swift */; };
		4FD60BA61B9D9B130031B911 /* Main.storyboard in Resources */ = {isa = PBXBuildFile; fileRef = 4FD60BA41B9D9B130031B911 /* Main.storyboard */; };
		4FD60BA81B9D9B130031B911 /* Assets.xcassets in Resources */ = {isa = PBXBuildFile; fileRef = 4FD60BA71B9D9B130031B911 /* Assets.xcassets */; };
		4FD60BAB1B9D9B130031B911 /* LaunchScreen.storyboard in Resources */ = {isa = PBXBuildFile; fileRef = 4FD60BA91B9D9B130031B911 /* LaunchScreen.storyboard */; };
		4FD60BB61B9D9B130031B911 /* Calculator_ProTests.swift in Sources */ = {isa = PBXBuildFile; fileRef = 4FD60BB51B9D9B130031B911 /* Calculator_ProTests.swift */; };
		4FD60BC11B9D9B130031B911 /* Calculator_ProUITests.swift in Sources */ = {isa = PBXBuildFile; fileRef = 4FD60BC01B9D9B130031B911 /* Calculator_ProUITests.swift */; };
/* End PBXBuildFile section */

/* Begin PBXContainerItemProxy section */
		4FD60BB21B9D9B130031B911 /* PBXContainerItemProxy */ = {
			isa = PBXContainerItemProxy;
			containerPortal = 4FD60B951B9D9B130031B911 /* Project object */;
			proxyType = 1;
			remoteGlobalIDString = 4FD60B9C1B9D9B130031B911;
			remoteInfo = "Calculator Pro";
		};
		4FD60BBD1B9D9B130031B911 /* PBXContainerItemProxy */ = {
			isa = PBXContainerItemProxy;
			containerPortal = 4FD60B951B9D9B130031B911 /* Project object */;
			proxyType = 1;
			remoteGlobalIDString = 4FD60B9C1B9D9B130031B911;
			remoteInfo = "Calculator Pro";
		};
/* End PBXContainerItemProxy section */

/* Begin PBXFileReference section */
		4FD60B9D1B9D9B130031B911 /* Calculator Pro.app */ = {isa = PBXFileReference; explicitFileType = wrapper.application; includeInIndex = 0; path = "Calculator Pro.app"; sourceTree = BUILT_PRODUCTS_DIR; };
		4FD60BA01B9D9B130031B911 /* AppDelegate.swift */ = {isa = PBXFileReference; lastKnownFileType = sourcecode.swift; path = AppDelegate.swift; sourceTree = "<group>"; };
		4FD60BA21B9D9B130031B911 /* ViewController.swift */ = {isa = PBXFileReference; lastKnownFileType = sourcecode.swift; path = ViewController.swift; sourceTree = "<group>"; };
		4FD60BA51B9D9B130031B911 /* Base */ = {isa = PBXFileReference; lastKnownFileType = file.storyboard; name = Base; path = Base.lproj/Main.storyboard; sourceTree = "<group>"; };
		4FD60BA71B9D9B130031B911 /* Assets.xcassets */ = {isa = PBXFileReference; lastKnownFileType = folder.assetcatalog; path = Assets.xcassets; sourceTree = "<group>"; };
		4FD60BAA1B9D9B130031B911 /* Base */ = {isa = PBXFileReference; lastKnownFileType = file.storyboard; name = Base; path = Base.lproj/LaunchScreen.storyboard; sourceTree = "<group>"; };
		4FD60BAC1B9D9B130031B911 /* Info.plist */ = {isa = PBXFileReference; lastKnownFileType = text.plist.xml; path = Info.plist; sourceTree = "<group>"; };
		4FD60BB11B9D9B130031B911 /* Calculator ProTests.xctest */ = {isa = PBXFileReference; explicitFileType = wrapper.cfbundle; includeInIndex = 0; path = "Calculator ProTests.xctest"; sourceTree = BUILT_PRODUCTS_DIR; };
		4FD60BB51B9D9B130031B911 /* Calculator_ProTests.swift */ = {isa = PBXFileReference; lastKnownFileType = sourcecode.swift; path = Calculator_ProTests.swift; sourceTree = "<group>"; };
		4FD60BB71B9D9B130031B911 /* Info.plist */ = {isa = PBXFileReference; lastKnownFileType = text.plist.xml; path = Info.plist; sourceTree = "<group>"; };
		4FD60BBC1B9D9B130031B911 /* Calculator ProUITests.xctest */ = {isa = PBXFileReference; explicitFileType = wrapper.cfbundle; includeInIndex = 0; path = "Calculator ProUITests.xctest"; sourceTree = BUILT_PRODUCTS_DIR; };
		4FD60BC01B9D9B130031B911 /* Calculator_ProUITests.swift */ = {isa = PBXFileReference; lastKnownFileType = sourcecode.swift; path = Calculator_ProUITests.swift; sourceTree = "<group>"; };
		4FD60BC21B9D9B130031B911 /* Info.plist */ = {isa = PBXFileReference; lastKnownFileType = text.plist.xml; path = Info.plist; sourceTree = "<group>"; };
/* End PBXFileReference section */

/* Begin PBXFrameworksBuildPhase section */
		4FD60B9A1B9D9B130031B911 /* Frameworks */ = {
			isa = PBXFrameworksBuildPhase;
			buildActionMask = 2147483647;
			files = (
			);
			runOnlyForDeploymentPostprocessing = 0;
		};
		4FD60BAE1B9D9B130031B911 /* Frameworks */ = {
			isa = PBXFrameworksBuildPhase;
			buildActionMask = 2147483647;
			files = (
			);
			runOnlyForDeploymentPostprocessing = 0;
		};
		4FD60BB91B9D9B130031B911 /* Frameworks */ = {
			isa = PBXFrameworksBuildPhase;
			buildActionMask = 2147483647;
			files = (
			);
			runOnlyForDeploymentPostprocessing = 0;
		};
/* End PBXFrameworksBuildPhase section */

/* Begin PBXGroup section */
		4FD60B941B9D9B130031B911 = {
			isa = PBXGroup;
			children = (
				4FD60B9F1B9D9B130031B911 /* Calculator Pro */,
				4FD60BB41B9D9B130031B911 /* Calculator ProTests */,
				4FD60BBF1B9D9B130031B911 /* Calculator ProUITests */,
				4FD60B9E1B9D9B130031B911 /* Products */,
			);
			sourceTree = "<group>";
		};
		4FD60B9E1B9D9B130031B911 /* Products */ = {
			isa = PBXGroup;
			children = (
				4FD60B9D1B9D9B130031B911 /* Calculator Pro.app */,
				4FD60BB11B9D9B130031B911 /* Calculator ProTests.xctest */,
				4FD60BBC1B9D9B130031B911 /* Calculator ProUITests.xctest */,
			);
			name = Products;
			sourceTree = "<group>";
		};
		4FD60B9F1B9D9B130031B911 /* Calculator Pro */ = {
			isa = PBXGroup;
			children = (
				4FD60BA01B9D9B130031B911 /* AppDelegate.swift */,
				4FD60BA21B9D9B130031B911 /* ViewController.swift */,
				4FD60BA41B9D9B130031B911 /* Main.storyboard */,
				4FD60BA71B9D9B130031B911 /* Assets.xcassets */,
				4FD60BA91B9D9B130031B911 /* LaunchScreen.storyboard */,
				4FD60BAC1B9D9B130031B911 /* Info.plist */,
			);
			path = "Calculator Pro";
			sourceTree = "<group>";
		};
		4FD60BB41B9D9B130031B911 /* Calculator ProTests */ = {
			isa = PBXGroup;
			children = (
				4FD60BB51B9D9B130031B911 /* Calculator_ProTests.swift */,
				4FD60BB71B9D9B130031B911 /* Info.plist */,
			);
			path = "Calculator ProTests";
			sourceTree = "<group>";
		};
		4FD60BBF1B9D9B130031B911 /* Calculator ProUITests */ = {
			isa = PBXGroup;
			children = (
				4FD60BC01B9D9B130031B911 /* Calculator_ProUITests.swift */,
				4FD60BC21B9D9B130031B911 /* Info.plist */,
			);
			path = "Calculator ProUITests";
			sourceTree = "<group>";
		};
/* End PBXGroup section */

/* Begin PBXNativeTarget section */
		4FD60B9C1B9D9B130031B911 /* Calculator Pro */ = {
			isa = PBXNativeTarget;
			buildConfigurationList = 4FD60BC51B9D9B130031B911 /* Build configuration list for PBXNativeTarget "Calculator Pro" */;
			buildPhases = (
				4FD60B991B9D9B130031B911 /* Sources */,
				4FD60B9A1B9D9B130031B911 /* Frameworks */,
				4FD60B9B1B9D9B130031B911 /* Resources */,
			);
			buildRules = (
			);
			dependencies = (
			);
			name = "Calculator Pro";
			productName = "Calculator Pro";
			productReference = 4FD60B9D1B9D9B130031B911 /* Calculator Pro.app */;
			productType = "com.apple.product-type.application";
		};
		4FD60BB01B9D9B130031B911 /* Calculator ProTests */ = {
			isa = PBXNativeTarget;
			buildConfigurationList = 4FD60BC81B9D9B130031B911 /* Build configuration list for PBXNativeTarget "Calculator ProTests" */;
			buildPhases = (
				4FD60BAD1B9D9B130031B911 /* Sources */,
				4FD60BAE1B9D9B130031B911 /* Frameworks */,
				4FD60BAF1B9D9B130031B911 /* Resources */,
			);
			buildRules = (
			);
			dependencies = (
				4FD60BB31B9D9B130031B911 /* PBXTargetDependency */,
			);
			name = "Calculator ProTests";
			productName = "Calculator ProTests";
			productReference = 4FD60BB11B9D9B130031B911 /* Calculator ProTests.xctest */;
			productType = "com.apple.product-type.bundle.unit-test";
		};
		4FD60BBB1B9D9B130031B911 /* Calculator ProUITests */ = {
			isa = PBXNativeTarget;
			buildConfigurationList = 4FD60BCB1B9D9B130031B911 /* Build configuration list for PBXNativeTarget "Calculator ProUITests" */;
			buildPhases = (
				4FD60BB81B9D9B130031B911 /* Sources */,
				4FD60BB91B9D9B130031B911 /* Frameworks */,
				4FD60BBA1B9D9B130031B911 /* Resources */,
			);
			buildRules = (
			);
			dependencies = (
				4FD60BBE1B9D9B130031B911 /* PBXTargetDependency */,
			);
			name = "Calculator ProUITests";
			productName = "Calculator ProUITests";
			productReference = 4FD60BBC1B9D9B130031B911 /* Calculator ProUITests.xctest */;
			productType = "com.apple.product-type.bundle.ui-testing";
		};
/* End PBXNativeTarget section */

/* Begin PBXProject section */
		4FD60B951B9D9B130031B911 /* Project object */ = {
			isa = PBXProject;
			attributes = {
				LastUpgradeCheck = 0700;
				ORGANIZATIONNAME = "Mai Ho";
				TargetAttributes = {
					4FD60B9C1B9D9B130031B911 = {
						CreatedOnToolsVersion = 7.0;
						DevelopmentTeam = D5CU8WYRJB;
					};
					4FD60BB01B9D9B130031B911 = {
						CreatedOnToolsVersion = 7.0;
						DevelopmentTeam = D5CU8WYRJB;
						TestTargetID = 4FD60B9C1B9D9B130031B911;
					};
					4FD60BBB1B9D9B130031B911 = {
						CreatedOnToolsVersion = 7.0;
						DevelopmentTeam = D5CU8WYRJB;
						TestTargetID = 4FD60B9C1B9D9B130031B911;
					};
				};
			};
			buildConfigurationList = 4FD60B981B9D9B130031B911 /* Build configuration list for PBXProject "Calculator Pro" */;
			compatibilityVersion = "Xcode 3.2";
			developmentRegion = English;
			hasScannedForEncodings = 0;
			knownRegions = (
				en,
				Base,
			);
			mainGroup = 4FD60B941B9D9B130031B911;
			productRefGroup = 4FD60B9E1B9D9B130031B911 /* Products */;
			projectDirPath = "";
			projectRoot = "";
			targets = (
				4FD60B9C1B9D9B130031B911 /* Calculator Pro */,
				4FD60BB01B9D9B130031B911 /* Calculator ProTests */,
				4FD60BBB1B9D9B130031B911 /* Calculator ProUITests */,
			);
		};
/* End PBXProject section */

/* Begin PBXResourcesBuildPhase section */
		4FD60B9B1B9D9B130031B911 /* Resources */ = {
			isa = PBXResourcesBuildPhase;
			buildActionMask = 2147483647;
			files = (
				4FD60BAB1B9D9B130031B911 /* LaunchScreen.storyboard in Resources */,
				4FD60BA81B9D9B130031B911 /* Assets.xcassets in Resources */,
				4FD60BA61B9D9B130031B911 /* Main.storyboard in Resources */,
			);
			runOnlyForDeploymentPostprocessing = 0;
		};
		4FD60BAF1B9D9B130031B911 /* Resources */ = {
			isa = PBXResourcesBuildPhase;
			buildActionMask = 2147483647;
			files = (
			);
			runOnlyForDeploymentPostprocessing = 0;
		};
		4FD60BBA1B9D9B130031B911 /* Resources */ = {
			isa = PBXResourcesBuildPhase;
			buildActionMask = 2147483647;
			files = (
			);
			runOnlyForDeploymentPostprocessing = 0;
		};
/* End PBXResourcesBuildPhase section */

/* Begin PBXSourcesBuildPhase section */
		4FD60B991B9D9B130031B911 /* Sources */ = {
			isa = PBXSourcesBuildPhase;
			buildActionMask = 2147483647;
			files = (
				4FD60BA31B9D9B130031B911 /* ViewController.swift in Sources */,
				4FD60BA11B9D9B130031B911 /* AppDelegate.swift in Sources */,
			);
			runOnlyForDeploymentPostprocessing = 0;
		};
		4FD60BAD1B9D9B130031B911 /* Sources */ = {
			isa = PBXSourcesBuildPhase;
			buildActionMask = 2147483647;
			files = (
				4FD60BB61B9D9B130031B911 /* Calculator_ProTests.swift in Sources */,
			);
			runOnlyForDeploymentPostprocessing = 0;
		};
		4FD60BB81B9D9B130031B911 /* Sources */ = {
			isa = PBXSourcesBuildPhase;
			buildActionMask = 2147483647;
			files = (
				4FD60BC11B9D9B130031B911 /* Calculator_ProUITests.swift in Sources */,
			);
			runOnlyForDeploymentPostprocessing = 0;
		};
/* End PBXSourcesBuildPhase section */

/* Begin PBXTargetDependency section */
		4FD60BB31B9D9B130031B911 /* PBXTargetDependency */ = {
			isa = PBXTargetDependency;
			target = 4FD60B9C1B9D9B130031B911 /* Calculator Pro */;
			targetProxy = 4FD60BB21B9D9B130031B911 /* PBXContainerItemProxy */;
		};
		4FD60BBE1B9D9B130031B911 /* PBXTargetDependency */ = {
			isa = PBXTargetDependency;
			target = 4FD60B9C1B9D9B130031B911 /* Calculator Pro */;
			targetProxy = 4FD60BBD1B9D9B130031B911 /* PBXContainerItemProxy */;
		};
/* End PBXTargetDependency section */

/* Begin PBXVariantGroup section */
		4FD60BA41B9D9B130031B911 /* Main.storyboard */ = {
			isa = PBXVariantGroup;
			children = (
				4FD60BA51B9D9B130031B911 /* Base */,
			);
			name = Main.storyboard;
			sourceTree = "<group>";
		};
		4FD60BA91B9D9B130031B911 /* LaunchScreen.storyboard */ = {
			isa = PBXVariantGroup;
			children = (
				4FD60BAA1B9D9B130031B911 /* Base */,
			);
			name = LaunchScreen.storyboard;
			sourceTree = "<group>";
		};
/* End PBXVariantGroup section */

/* Begin XCBuildConfiguration section */
		4FD60BC31B9D9B130031B911 /* Debug */ = {
			isa = XCBuildConfiguration;
			buildSettings = {
				ALWAYS_SEARCH_USER_PATHS = NO;
				CLANG_CXX_LANGUAGE_STANDARD = "gnu++0x";
				CLANG_CXX_LIBRARY = "libc++";
				CLANG_ENABLE_MODULES = YES;
				CLANG_ENABLE_OBJC_ARC = YES;
				CLANG_WARN_BOOL_CONVERSION = YES;
				CLANG_WARN_CONSTANT_CONVERSION = YES;
				CLANG_WARN_DIRECT_OBJC_ISA_USAGE = YES_ERROR;
				CLANG_WARN_EMPTY_BODY = YES;
				CLANG_WARN_ENUM_CONVERSION = YES;
				CLANG_WARN_INT_CONVERSION = YES;
				CLANG_WARN_OBJC_ROOT_CLASS = YES_ERROR;
				CLANG_WARN_UNREACHABLE_CODE = YES;
				CLANG_WARN__DUPLICATE_METHOD_MATCH = YES;
				"CODE_SIGN_IDENTITY[sdk=iphoneos*]" = "iPhone Developer";
				COPY_PHASE_STRIP = NO;
				DEBUG_INFORMATION_FORMAT = dwarf;
				ENABLE_STRICT_OBJC_MSGSEND = YES;
				ENABLE_TESTABILITY = YES;
				GCC_C_LANGUAGE_STANDARD = gnu99;
				GCC_DYNAMIC_NO_PIC = NO;
				GCC_NO_COMMON_BLOCKS = YES;
				GCC_OPTIMIZATION_LEVEL = 0;
				GCC_PREPROCESSOR_DEFINITIONS = (
					"DEBUG=1",
					"$(inherited)",
				);
				GCC_WARN_64_TO_32_BIT_CONVERSION = YES;
				GCC_WARN_ABOUT_RETURN_TYPE = YES_ERROR;
				GCC_WARN_UNDECLARED_SELECTOR = YES;
				GCC_WARN_UNINITIALIZED_AUTOS = YES_AGGRESSIVE;
				GCC_WARN_UNUSED_FUNCTION = YES;
				GCC_WARN_UNUSED_VARIABLE = YES;
				IPHONEOS_DEPLOYMENT_TARGET = 9.0;
				MTL_ENABLE_DEBUG_INFO = YES;
				ONLY_ACTIVE_ARCH = YES;
				SDKROOT = iphoneos;
				SWIFT_OPTIMIZATION_LEVEL = "-Onone";
				TARGETED_DEVICE_FAMILY = "1,2";
			};
			name = Debug;
		};
		4FD60BC41B9D9B130031B911 /* Release */ = {
			isa = XCBuildConfiguration;
			buildSettings = {
				ALWAYS_SEARCH_USER_PATHS = NO;
				CLANG_CXX_LANGUAGE_STANDARD = "gnu++0x";
				CLANG_CXX_LIBRARY = "libc++";
				CLANG_ENABLE_MODULES = YES;
				CLANG_ENABLE_OBJC_ARC = YES;
				CLANG_WARN_BOOL_CONVERSION = YES;
				CLANG_WARN_CONSTANT_CONVERSION = YES;
				CLANG_WARN_DIRECT_OBJC_ISA_USAGE = YES_ERROR;
				CLANG_WARN_EMPTY_BODY = YES;
				CLANG_WARN_ENUM_CONVERSION = YES;
				CLANG_WARN_INT_CONVERSION = YES;
				CLANG_WARN_OBJC_ROOT_CLASS = YES_ERROR;
				CLANG_WARN_UNREACHABLE_CODE = YES;
				CLANG_WARN__DUPLICATE_METHOD_MATCH = YES;
				"CODE_SIGN_IDENTITY[sdk=iphoneos*]" = "iPhone Developer";
				COPY_PHASE_STRIP = NO;
				DEBUG_INFORMATION_FORMAT = "dwarf-with-dsym";
				ENABLE_NS_ASSERTIONS = NO;
				ENABLE_STRICT_OBJC_MSGSEND = YES;
				GCC_C_LANGUAGE_STANDARD = gnu99;
				GCC_NO_COMMON_BLOCKS = YES;
				GCC_WARN_64_TO_32_BIT_CONVERSION = YES;
				GCC_WARN_ABOUT_RETURN_TYPE = YES_ERROR;
				GCC_WARN_UNDECLARED_SELECTOR = YES;
				GCC_WARN_UNINITIALIZED_AUTOS = YES_AGGRESSIVE;
				GCC_WARN_UNUSED_FUNCTION = YES;
				GCC_WARN_UNUSED_VARIABLE = YES;
				IPHONEOS_DEPLOYMENT_TARGET = 9.0;
				MTL_ENABLE_DEBUG_INFO = NO;
				SDKROOT = iphoneos;
				TARGETED_DEVICE_FAMILY = "1,2";
				VALIDATE_PRODUCT = YES;
			};
			name = Release;
		};
		4FD60BC61B9D9B130031B911 /* Debug */ = {
			isa = XCBuildConfiguration;
			buildSettings = {
				ASSETCATALOG_COMPILER_APPICON_NAME = AppIcon;
				INFOPLIST_FILE = "Calculator Pro/Info.plist";
				IPHONEOS_DEPLOYMENT_TARGET = 8.4;
				LD_RUNPATH_SEARCH_PATHS = "$(inherited) @executable_path/Frameworks";
				PRODUCT_BUNDLE_IDENTIFIER = "maiho.Calculator-Pro";
				PRODUCT_NAME = "$(TARGET_NAME)";
			};
			name = Debug;
		};
		4FD60BC71B9D9B130031B911 /* Release */ = {
			isa = XCBuildConfiguration;
			buildSettings = {
				ASSETCATALOG_COMPILER_APPICON_NAME = AppIcon;
				INFOPLIST_FILE = "Calculator Pro/Info.plist";
				IPHONEOS_DEPLOYMENT_TARGET = 8.4;
				LD_RUNPATH_SEARCH_PATHS = "$(inherited) @executable_path/Frameworks";
				PRODUCT_BUNDLE_IDENTIFIER = "maiho.Calculator-Pro";
				PRODUCT_NAME = "$(TARGET_NAME)";
			};
			name = Release;
		};
		4FD60BC91B9D9B130031B911 /* Debug */ = {
			isa = XCBuildConfiguration;
			buildSettings = {
				BUNDLE_LOADER = "$(TEST_HOST)";
				INFOPLIST_FILE = "Calculator ProTests/Info.plist";
				LD_RUNPATH_SEARCH_PATHS = "$(inherited) @executable_path/Frameworks @loader_path/Frameworks";
				PRODUCT_BUNDLE_IDENTIFIER = "maiho.Calculator-ProTests";
				PRODUCT_NAME = "$(TARGET_NAME)";
				TEST_HOST = "$(BUILT_PRODUCTS_DIR)/Calculator Pro.app/Calculator Pro";
			};
			name = Debug;
		};
		4FD60BCA1B9D9B130031B911 /* Release */ = {
			isa = XCBuildConfiguration;
			buildSettings = {
				BUNDLE_LOADER = "$(TEST_HOST)";
				INFOPLIST_FILE = "Calculator ProTests/Info.plist";
				LD_RUNPATH_SEARCH_PATHS = "$(inherited) @executable_path/Frameworks @loader_path/Frameworks";
				PRODUCT_BUNDLE_IDENTIFIER = "maiho.Calculator-ProTests";
				PRODUCT_NAME = "$(TARGET_NAME)";
				TEST_HOST = "$(BUILT_PRODUCTS_DIR)/Calculator Pro.app/Calculator Pro";
			};
			name = Release;
		};
		4FD60BCC1B9D9B130031B911 /* Debug */ = {
			isa = XCBuildConfiguration;
			buildSettings = {
				INFOPLIST_FILE = "Calculator ProUITests/Info.plist";
				LD_RUNPATH_SEARCH_PATHS = "$(inherited) @executable_path/Frameworks @loader_path/Frameworks";
				PRODUCT_BUNDLE_IDENTIFIER = "maiho.Calculator-ProUITests";
				PRODUCT_NAME = "$(TARGET_NAME)";
				TEST_TARGET_NAME = "Calculator Pro";
				USES_XCTRUNNER = YES;
			};
			name = Debug;
		};
		4FD60BCD1B9D9B130031B911 /* Release */ = {
			isa = XCBuildConfiguration;
			buildSettings = {
				INFOPLIST_FILE = "Calculator ProUITests/Info.plist";
				LD_RUNPATH_SEARCH_PATHS = "$(inherited) @executable_path/Frameworks @loader_path/Frameworks";
				PRODUCT_BUNDLE_IDENTIFIER = "maiho.Calculator-ProUITests";
				PRODUCT_NAME = "$(TARGET_NAME)";
				TEST_TARGET_NAME = "Calculator Pro";
				USES_XCTRUNNER = YES;
			};
			name = Release;
		};
/* End XCBuildConfiguration section */

/* Begin XCConfigurationList section */
		4FD60B981B9D9B130031B911 /* Build configuration list for PBXProject "Calculator Pro" */ = {
			isa = XCConfigurationList;
			buildConfigurations = (
				4FD60BC31B9D9B130031B911 /* Debug */,
				4FD60BC41B9D9B130031B911 /* Release */,
			);
			defaultConfigurationIsVisible = 0;
			defaultConfigurationName = Release;
		};
		4FD60BC51B9D9B130031B911 /* Build configuration list for PBXNativeTarget "Calculator Pro" */ = {
			isa = XCConfigurationList;
			buildConfigurations = (
				4FD60BC61B9D9B130031B911 /* Debug */,
				4FD60BC71B9D9B130031B911 /* Release */,
			);
			defaultConfigurationIsVisible = 0;
		};
		4FD60BC81B9D9B130031B911 /* Build configuration list for PBXNativeTarget "Calculator ProTests" */ = {
			isa = XCConfigurationList;
			buildConfigurations = (
				4FD60BC91B9D9B130031B911 /* Debug */,
				4FD60BCA1B9D9B130031B911 /* Release */,
			);
			defaultConfigurationIsVisible = 0;
		};
		4FD60BCB1B9D9B130031B911 /* Build configuration list for PBXNativeTarget "Calculator ProUITests" */ = {
			isa = XCConfigurationList;
			buildConfigurations = (
				4FD60BCC1B9D9B130031B911 /* Debug */,
				4FD60BCD1B9D9B130031B911 /* Release */,
			);
			defaultConfigurationIsVisible = 0;
		};
/* End XCConfigurationList section */
	};
	rootObject = 4FD60B951B9D9B130031B911 /* Project object */;
}
